
Microsoft Visual Studio Solution File, Format Version 12.00
# Visual Studio 15
VisualStudioVersion = 15.0.27428.2015
MinimumVisualStudioVersion = 10.0.40219.1
Project("{FAE04EC0-301F-11D3-BF4B-00C04F79EFBC}") = "ProductManager", "ProductManager\ProductManager.csproj", "{5A07F42C-1B9E-4508-BE42-DBEDA2C8D0C8}"
EndProject
Global
	GlobalSection(SolutionConfigurationPlatforms) = preSolution
		Debug|Any CPU = Debug|Any CPU
		Release|Any CPU = Release|Any CPU
	EndGlobalSection
	GlobalSection(ProjectConfigurationPlatforms) = postSolution
		{5A07F42C-1B9E-4508-BE42-DBEDA2C8D0C8}.Debug|Any CPU.ActiveCfg = Debug|Any CPU
		{5A07F42C-1B9E-4508-BE42-DBEDA2C8D0C8}.Debug|Any CPU.Build.0 = Debug|Any CPU
		{5A07F42C-1B9E-4508-BE42-DBEDA2C8D0C8}.Release|Any CPU.ActiveCfg = Release|Any CPU
		{5A07F42C-1B9E-4508-BE42-DBEDA2C8D0C8}.Release|Any CPU.Build.0 = Release|Any CPU
	EndGlobalSection
	GlobalSection(SolutionProperties) = preSolution
		HideSolutionNode = FALSE
	EndGlobalSection
	GlobalSection(ExtensibilityGlobals) = postSolution
		SolutionGuid = {9453B0AF-B07C-4A39-B05D-9CD2B3B67E3C}
	EndGlobalSection
EndGlobal
